
Microsoft Visual Studio Solution File, Format Version 12.00
# Visual Studio Version 17
VisualStudioVersion = 17.9.34622.214
MinimumVisualStudioVersion = 10.0.40219.1
Project("{8BC9CEB8-8B4A-11D0-8D11-00A0C91BC942}") = "ConsoleApplication", "ConsoleApplication\ConsoleApplication.vcxproj", "{3D0DC0AC-E7BE-4CFE-B799-4118EEADA0EF}"
	ProjectSection(ProjectDependencies) = postProject
		{6E0478A0-0A94-4C0B-88B3-E41EBC50EC1B} = {6E0478A0-0A94-4C0B-88B3-E41EBC50EC1B}
	EndProjectSection
EndProject
Project("{8BC9CEB8-8B4A-11D0-8D11-00A0C91BC942}") = "StaticLib", "StaticLib\StaticLib.vcxproj", "{6E0478A0-0A94-4C0B-88B3-E41EBC50EC1B}"
EndProject
Project("{8BC9CEB8-8B4A-11D0-8D11-00A0C91BC942}") = "UnitTest", "UnitTest\UnitTest.vcxproj", "{B6E5F44B-DDDD-4E98-A426-4F8D57CCC896}"
	ProjectSection(ProjectDependencies) = postProject
		{6E0478A0-0A94-4C0B-88B3-E41EBC50EC1B} = {6E0478A0-0A94-4C0B-88B3-E41EBC50EC1B}
	EndProjectSection
EndProject
Global
	GlobalSection(SolutionConfigurationPlatforms) = preSolution
		Debug|x64 = Debug|x64
		Debug|x86 = Debug|x86
		Release|x64 = Release|x64
		Release|x86 = Release|x86
	EndGlobalSection
	GlobalSection(ProjectConfigurationPlatforms) = postSolution
		{3D0DC0AC-E7BE-4CFE-B799-4118EEADA0EF}.Debug|x64.ActiveCfg = Debug|x64
		{3D0DC0AC-E7BE-4CFE-B799-4118EEADA0EF}.Debug|x64.Build.0 = Debug|x64
		{3D0DC0AC-E7BE-4CFE-B799-4118EEADA0EF}.Debug|x86.ActiveCfg = Debug|Win32
		{3D0DC0AC-E7BE-4CFE-B799-4118EEADA0EF}.Debug|x86.Build.0 = Debug|Win32
		{3D0DC0AC-E7BE-4CFE-B799-4118EEADA0EF}.Release|x64.ActiveCfg = Release|x64
		{3D0DC0AC-E7BE-4CFE-B799-4118EEADA0EF}.Release|x64.Build.0 = Release|x64
		{3D0DC0AC-E7BE-4CFE-B799-4118EEADA0EF}.Release|x86.ActiveCfg = Release|Win32
		{3D0DC0AC-E7BE-4CFE-B799-4118EEADA0EF}.Release|x86.Build.0 = Release|Win32
		{6E0478A0-0A94-4C0B-88B3-E41EBC50EC1B}.Debug|x64.ActiveCfg = Debug|x64
		{6E0478A0-0A94-4C0B-88B3-E41EBC50EC1B}.Debug|x64.Build.0 = Debug|x64
		{6E0478A0-0A94-4C0B-88B3-E41EBC50EC1B}.Debug|x86.ActiveCfg = Debug|Win32
		{6E0478A0-0A94-4C0B-88B3-E41EBC50EC1B}.Debug|x86.Build.0 = Debug|Win32
		{6E0478A0-0A94-4C0B-88B3-E41EBC50EC1B}.Release|x64.ActiveCfg = Release|x64
		{6E0478A0-0A94-4C0B-88B3-E41EBC50EC1B}.Release|x64.Build.0 = Release|x64
		{6E0478A0-0A94-4C0B-88B3-E41EBC50EC1B}.Release|x86.ActiveCfg = Release|Win32
		{6E0478A0-0A94-4C0B-88B3-E41EBC50EC1B}.Release|x86.Build.0 = Release|Win32
		{B6E5F44B-DDDD-4E98-A426-4F8D57CCC896}.Debug|x64.ActiveCfg = Debug|x64
		{B6E5F44B-DDDD-4E98-A426-4F8D57CCC896}.Debug|x64.Build.0 = Debug|x64
		{B6E5F44B-DDDD-4E98-A426-4F8D57CCC896}.Debug|x86.ActiveCfg = Debug|Win32
		{B6E5F44B-DDDD-4E98-A426-4F8D57CCC896}.Debug|x86.Build.0 = Debug|Win32
		{B6E5F44B-DDDD-4E98-A426-4F8D57CCC896}.Release|x64.ActiveCfg = Release|x64
		{B6E5F44B-DDDD-4E98-A426-4F8D57CCC896}.Release|x64.Build.0 = Release|x64
		{B6E5F44B-DDDD-4E98-A426-4F8D57CCC896}.Release|x86.ActiveCfg = Release|Win32
		{B6E5F44B-DDDD-4E98-A426-4F8D57CCC896}.Release|x86.Build.0 = Release|Win32
	EndGlobalSection
	GlobalSection(SolutionProperties) = preSolution
		HideSolutionNode = FALSE
	EndGlobalSection
	GlobalSection(ExtensibilityGlobals) = postSolution
		SolutionGuid = {6B5205EA-2FC5-4C86-A37B-B001808E4AE0}
	EndGlobalSection
EndGlobal
